// !$*UTF8*$!
{
	archiveVersion = 1;
	classes = {
	};
	objectVersion = 46;
	objects = {

/* Begin PBXBuildFile section */
		A10020621DEB368600DAC239 /* main.m in Sources */ = {isa = PBXBuildFile; fileRef = A10020611DEB368600DAC239 /* main.m */; };
		A10020651DEB368600DAC239 /* AppDelegate.m in Sources */ = {isa = PBXBuildFile; fileRef = A10020641DEB368600DAC239 /* AppDelegate.m */; };
		A10020681DEB368600DAC239 /* ViewController.m in Sources */ = {isa = PBXBuildFile; fileRef = A10020671DEB368600DAC239 /* ViewController.m */; };
		A100206B1DEB368600DAC239 /* Main.storyboard in Resources */ = {isa = PBXBuildFile; fileRef = A10020691DEB368600DAC239 /* Main.storyboard */; };
		A100206D1DEB368600DAC239 /* Assets.xcassets in Resources */ = {isa = PBXBuildFile; fileRef = A100206C1DEB368600DAC239 /* Assets.xcassets */; };
		A10020701DEB368600DAC239 /* LaunchScreen.storyboard in Resources */ = {isa = PBXBuildFile; fileRef = A100206E1DEB368600DAC239 /* LaunchScreen.storyboard */; };
		A1ED153B1DEC401B008C4E1A /* headerImage.jpg in Resources */ = {isa = PBXBuildFile; fileRef = A1ED153A1DEC401B008C4E1A /* headerImage.jpg */; };
		A1F4A47A1DEF1FC8006EFEE9 /* UITableView+MSHeaderScaleImage.m in Sources */ = {isa = PBXBuildFile; fileRef = A1F4A4791DEF1FC8006EFEE9 /* UITableView+MSHeaderScaleImage.m */; };
/* End PBXBuildFile section */

/* Begin PBXFileReference section */
		A100205D1DEB368600DAC239 /* Demo.app */ = {isa = PBXFileReference; explicitFileType = wrapper.application; includeInIndex = 0; path = Demo.app; sourceTree = BUILT_PRODUCTS_DIR; };
		A10020611DEB368600DAC239 /* main.m */ = {isa = PBXFileReference; lastKnownFileType = sourcecode.c.objc; path = main.m; sourceTree = "<group>"; };
		A10020631DEB368600DAC239 /* AppDelegate.h */ = {isa = PBXFileReference; lastKnownFileType = sourcecode.c.h; path = AppDelegate.h; sourceTree = "<group>"; };
		A10020641DEB368600DAC239 /* AppDelegate.m */ = {isa = PBXFileReference; lastKnownFileType = sourcecode.c.objc; path = AppDelegate.m; sourceTree = "<group>"; };
		A10020661DEB368600DAC239 /* ViewController.h */ = {isa = PBXFileReference; lastKnownFileType = sourcecode.c.h; path = ViewController.h; sourceTree = "<group>"; };
		A10020671DEB368600DAC239 /* ViewController.m */ = {isa = PBXFileReference; lastKnownFileType = sourcecode.c.objc; path = ViewController.m; sourceTree = "<group>"; };
		A100206A1DEB368600DAC239 /* Base */ = {isa = PBXFileReference; lastKnownFileType = file.storyboard; name = Base; path = Base.lproj/Main.storyboard; sourceTree = "<group>"; };
		A100206C1DEB368600DAC239 /* Assets.xcassets */ = {isa = PBXFileReference; lastKnownFileType = folder.assetcatalog; path = Assets.xcassets; sourceTree = "<group>"; };
		A100206F1DEB368600DAC239 /* Base */ = {isa = PBXFileReference; lastKnownFileType = file.storyboard; name = Base; path = Base.lproj/LaunchScreen.storyboard; sourceTree = "<group>"; };
		A10020711DEB368600DAC239 /* Info.plist */ = {isa = PBXFileReference; lastKnownFileType = text.plist.xml; path = Info.plist; sourceTree = "<group>"; };
		A1ED153A1DEC401B008C4E1A /* headerImage.jpg */ = {isa = PBXFileReference; lastKnownFileType = image.jpeg; path = headerImage.jpg; sourceTree = "<group>"; };
		A1F4A4781DEF1FC8006EFEE9 /* UITableView+MSHeaderScaleImage.h */ = {isa = PBXFileReference; fileEncoding = 4; lastKnownFileType = sourcecode.c.h; path = "UITableView+MSHeaderScaleImage.h"; sourceTree = "<group>"; };
		A1F4A4791DEF1FC8006EFEE9 /* UITableView+MSHeaderScaleImage.m */ = {isa = PBXFileReference; fileEncoding = 4; lastKnownFileType = sourcecode.c.objc; path = "UITableView+MSHeaderScaleImage.m"; sourceTree = "<group>"; };
/* End PBXFileReference section */

/* Begin PBXFrameworksBuildPhase section */
		A100205A1DEB368600DAC239 /* Frameworks */ = {
			isa = PBXFrameworksBuildPhase;
			buildActionMask = 2147483647;
			files = (
			);
			runOnlyForDeploymentPostprocessing = 0;
		};
/* End PBXFrameworksBuildPhase section */

/* Begin PBXGroup section */
		A10020541DEB368600DAC239 = {
			isa = PBXGroup;
			children = (
				A100205F1DEB368600DAC239 /* Demo */,
				A100205E1DEB368600DAC239 /* Products */,
			);
			sourceTree = "<group>";
		};
		A100205E1DEB368600DAC239 /* Products */ = {
			isa = PBXGroup;
			children = (
				A100205D1DEB368600DAC239 /* Demo.app */,
			);
			name = Products;
			sourceTree = "<group>";
		};
		A100205F1DEB368600DAC239 /* Demo */ = {
			isa = PBXGroup;
			children = (
				A1F4A4771DEF1FC8006EFEE9 /* MSHeaderScaleImage */,
				A1ED153A1DEC401B008C4E1A /* headerImage.jpg */,
				A10020631DEB368600DAC239 /* AppDelegate.h */,
				A10020641DEB368600DAC239 /* AppDelegate.m */,
				A10020661DEB368600DAC239 /* ViewController.h */,
				A10020671DEB368600DAC239 /* ViewController.m */,
				A10020691DEB368600DAC239 /* Main.storyboard */,
				A100206C1DEB368600DAC239 /* Assets.xcassets */,
				A100206E1DEB368600DAC239 /* LaunchScreen.storyboard */,
				A10020711DEB368600DAC239 /* Info.plist */,
				A10020601DEB368600DAC239 /* Supporting Files */,
			);
			path = Demo;
			sourceTree = "<group>";
		};
		A10020601DEB368600DAC239 /* Supporting Files */ = {
			isa = PBXGroup;
			children = (
				A10020611DEB368600DAC239 /* main.m */,
			);
			name = "Supporting Files";
			sourceTree = "<group>";
		};
		A1F4A4771DEF1FC8006EFEE9 /* MSHeaderScaleImage */ = {
			isa = PBXGroup;
			children = (
				A1F4A4781DEF1FC8006EFEE9 /* UITableView+MSHeaderScaleImage.h */,
				A1F4A4791DEF1FC8006EFEE9 /* UITableView+MSHeaderScaleImage.m */,
			);
			path = MSHeaderScaleImage;
			sourceTree = "<group>";
		};
/* End PBXGroup section */

/* Begin PBXNativeTarget section */
		A100205C1DEB368600DAC239 /* Demo */ = {
			isa = PBXNativeTarget;
			buildConfigurationList = A10020741DEB368600DAC239 /* Build configuration list for PBXNativeTarget "Demo" */;
			buildPhases = (
				A10020591DEB368600DAC239 /* Sources */,
				A100205A1DEB368600DAC239 /* Frameworks */,
				A100205B1DEB368600DAC239 /* Resources */,
			);
			buildRules = (
			);
			dependencies = (
			);
			name = Demo;
			productName = Demo;
			productReference = A100205D1DEB368600DAC239 /* Demo.app */;
			productType = "com.apple.product-type.application";
		};
/* End PBXNativeTarget section */

/* Begin PBXProject section */
		A10020551DEB368600DAC239 /* Project object */ = {
			isa = PBXProject;
			attributes = {
				LastUpgradeCheck = 0810;
				ORGANIZATIONNAME = MrSong;
				TargetAttributes = {
					A100205C1DEB368600DAC239 = {
						CreatedOnToolsVersion = 8.1;
						DevelopmentTeam = H9VJQ5J8K3;
						ProvisioningStyle = Automatic;
					};
				};
			};
			buildConfigurationList = A10020581DEB368600DAC239 /* Build configuration list for PBXProject "Demo" */;
			compatibilityVersion = "Xcode 3.2";
			developmentRegion = English;
			hasScannedForEncodings = 0;
			knownRegions = (
				en,
				Base,
			);
			mainGroup = A10020541DEB368600DAC239;
			productRefGroup = A100205E1DEB368600DAC239 /* Products */;
			projectDirPath = "";
			projectRoot = "";
			targets = (
				A100205C1DEB368600DAC239 /* Demo */,
			);
		};
/* End PBXProject section */

/* Begin PBXResourcesBuildPhase section */
		A100205B1DEB368600DAC239 /* Resources */ = {
			isa = PBXResourcesBuildPhase;
			buildActionMask = 2147483647;
			files = (
				A1ED153B1DEC401B008C4E1A /* headerImage.jpg in Resources */,
				A10020701DEB368600DAC239 /* LaunchScreen.storyboard in Resources */,
				A100206D1DEB368600DAC239 /* Assets.xcassets in Resources */,
				A100206B1DEB368600DAC239 /* Main.storyboard in Resources */,
			);
			runOnlyForDeploymentPostprocessing = 0;
		};
/* End PBXResourcesBuildPhase section */

/* Begin PBXSourcesBuildPhase section */
		A10020591DEB368600DAC239 /* Sources */ = {
			isa = PBXSourcesBuildPhase;
			buildActionMask = 2147483647;
			files = (
				A10020681DEB368600DAC239 /* ViewController.m in Sources */,
				A10020651DEB368600DAC239 /* AppDelegate.m in Sources */,
				A1F4A47A1DEF1FC8006EFEE9 /* UITableView+MSHeaderScaleImage.m in Sources */,
				A10020621DEB368600DAC239 /* main.m in Sources */,
			);
			runOnlyForDeploymentPostprocessing = 0;
		};
/* End PBXSourcesBuildPhase section */

/* Begin PBXVariantGroup section */
		A10020691DEB368600DAC239 /* Main.storyboard */ = {
			isa = PBXVariantGroup;
			children = (
				A100206A1DEB368600DAC239 /* Base */,
			);
			name = Main.storyboard;
			sourceTree = "<group>";
		};
		A100206E1DEB368600DAC239 /* LaunchScreen.storyboard */ = {
			isa = PBXVariantGroup;
			children = (
				A100206F1DEB368600DAC239 /* Base */,
			);
			name = LaunchScreen.storyboard;
			sourceTree = "<group>";
		};
/* End PBXVariantGroup section */

/* Begin XCBuildConfiguration section */
		A10020721DEB368600DAC239 /* Debug */ = {
			isa = XCBuildConfiguration;
			buildSettings = {
				ALWAYS_SEARCH_USER_PATHS = NO;
				CLANG_ANALYZER_NONNULL = YES;
				CLANG_CXX_LANGUAGE_STANDARD = "gnu++0x";
				CLANG_CXX_LIBRARY = "libc++";
				CLANG_ENABLE_MODULES = YES;
				CLANG_ENABLE_OBJC_ARC = YES;
				CLANG_WARN_BOOL_CONVERSION = YES;
				CLANG_WARN_CONSTANT_CONVERSION = YES;
				CLANG_WARN_DIRECT_OBJC_ISA_USAGE = YES_ERROR;
				CLANG_WARN_DOCUMENTATION_COMMENTS = YES;
				CLANG_WARN_EMPTY_BODY = YES;
				CLANG_WARN_ENUM_CONVERSION = YES;
				CLANG_WARN_INFINITE_RECURSION = YES;
				CLANG_WARN_INT_CONVERSION = YES;
				CLANG_WARN_OBJC_ROOT_CLASS = YES_ERROR;
				CLANG_WARN_SUSPICIOUS_MOVES = YES;
				CLANG_WARN_UNREACHABLE_CODE = YES;
				CLANG_WARN__DUPLICATE_METHOD_MATCH = YES;
				"CODE_SIGN_IDENTITY[sdk=iphoneos*]" = "iPhone Developer";
				COPY_PHASE_STRIP = NO;
				DEBUG_INFORMATION_FORMAT = dwarf;
				ENABLE_STRICT_OBJC_MSGSEND = YES;
				ENABLE_TESTABILITY = YES;
				GCC_C_LANGUAGE_STANDARD = gnu99;
				GCC_DYNAMIC_NO_PIC = NO;
				GCC_NO_COMMON_BLOCKS = YES;
				GCC_OPTIMIZATION_LEVEL = 0;
				GCC_PREPROCESSOR_DEFINITIONS = (
					"DEBUG=1",
					"$(inherited)",
				);
				GCC_WARN_64_TO_32_BIT_CONVERSION = YES;
				GCC_WARN_ABOUT_RETURN_TYPE = YES_ERROR;
				GCC_WARN_UNDECLARED_SELECTOR = YES;
				GCC_WARN_UNINITIALIZED_AUTOS = YES_AGGRESSIVE;
				GCC_WARN_UNUSED_FUNCTION = YES;
				GCC_WARN_UNUSED_VARIABLE = YES;
				IPHONEOS_DEPLOYMENT_TARGET = 10.1;
				MTL_ENABLE_DEBUG_INFO = YES;
				ONLY_ACTIVE_ARCH = YES;
				SDKROOT = iphoneos;
			};
			name = Debug;
		};
		A10020731DEB368600DAC239 /* Release */ = {
			isa = XCBuildConfiguration;
			buildSettings = {
				ALWAYS_SEARCH_USER_PATHS = NO;
				CLANG_ANALYZER_NONNULL = YES;
				CLANG_CXX_LANGUAGE_STANDARD = "gnu++0x";
				CLANG_CXX_LIBRARY = "libc++";
				CLANG_ENABLE_MODULES = YES;
				CLANG_ENABLE_OBJC_ARC = YES;
				CLANG_WARN_BOOL_CONVERSION = YES;
				CLANG_WARN_CONSTANT_CONVERSION = YES;
				CLANG_WARN_DIRECT_OBJC_ISA_USAGE = YES_ERROR;
				CLANG_WARN_DOCUMENTATION_COMMENTS = YES;
				CLANG_WARN_EMPTY_BODY = YES;
				CLANG_WARN_ENUM_CONVERSION = YES;
				CLANG_WARN_INFINITE_RECURSION = YES;
				CLANG_WARN_INT_CONVERSION = YES;
				CLANG_WARN_OBJC_ROOT_CLASS = YES_ERROR;
				CLANG_WARN_SUSPICIOUS_MOVES = YES;
				CLANG_WARN_UNREACHABLE_CODE = YES;
				CLANG_WARN__DUPLICATE_METHOD_MATCH = YES;
				"CODE_SIGN_IDENTITY[sdk=iphoneos*]" = "iPhone Developer";
				COPY_PHASE_STRIP = NO;
				DEBUG_INFORMATION_FORMAT = "dwarf-with-dsym";
				ENABLE_NS_ASSERTIONS = NO;
				ENABLE_STRICT_OBJC_MSGSEND = YES;
				GCC_C_LANGUAGE_STANDARD = gnu99;
				GCC_NO_COMMON_BLOCKS = YES;
				GCC_WARN_64_TO_32_BIT_CONVERSION = YES;
				GCC_WARN_ABOUT_RETURN_TYPE = YES_ERROR;
				GCC_WARN_UNDECLARED_SELECTOR = YES;
				GCC_WARN_UNINITIALIZED_AUTOS = YES_AGGRESSIVE;
				GCC_WARN_UNUSED_FUNCTION = YES;
				GCC_WARN_UNUSED_VARIABLE = YES;
				IPHONEOS_DEPLOYMENT_TARGET = 10.1;
				MTL_ENABLE_DEBUG_INFO = NO;
				SDKROOT = iphoneos;
				VALIDATE_PRODUCT = YES;
			};
			name = Release;
		};
		A10020751DEB368600DAC239 /* Debug */ = {
			isa = XCBuildConfiguration;
			buildSettings = {
				ASSETCATALOG_COMPILER_APPICON_NAME = AppIcon;
				DEVELOPMENT_TEAM = H9VJQ5J8K3;
				INFOPLIST_FILE = Demo/Info.plist;
				LD_RUNPATH_SEARCH_PATHS = "$(inherited) @executable_path/Frameworks";
				PRODUCT_BUNDLE_IDENTIFIER = com.mrsong.Demo;
				PRODUCT_NAME = "$(TARGET_NAME)";
			};
			name = Debug;
		};
		A10020761DEB368600DAC239 /* Release */ = {
			isa = XCBuildConfiguration;
			buildSettings = {
				ASSETCATALOG_COMPILER_APPICON_NAME = AppIcon;
				DEVELOPMENT_TEAM = H9VJQ5J8K3;
				INFOPLIST_FILE = Demo/Info.plist;
				LD_RUNPATH_SEARCH_PATHS = "$(inherited) @executable_path/Frameworks";
				PRODUCT_BUNDLE_IDENTIFIER = com.mrsong.Demo;
				PRODUCT_NAME = "$(TARGET_NAME)";
			};
			name = Release;
		};
/* End XCBuildConfiguration section */

/* Begin XCConfigurationList section */
		A10020581DEB368600DAC239 /* Build configuration list for PBXProject "Demo" */ = {
			isa = XCConfigurationList;
			buildConfigurations = (
				A10020721DEB368600DAC239 /* Debug */,
				A10020731DEB368600DAC239 /* Release */,
			);
			defaultConfigurationIsVisible = 0;
			defaultConfigurationName = Release;
		};
		A10020741DEB368600DAC239 /* Build configuration list for PBXNativeTarget "Demo" */ = {
			isa = XCConfigurationList;
			buildConfigurations = (
				A10020751DEB368600DAC239 /* Debug */,
				A10020761DEB368600DAC239 /* Release */,
			);
			defaultConfigurationIsVisible = 0;
			defaultConfigurationName = Release;
		};
/* End XCConfigurationList section */
	};
	rootObject = A10020551DEB368600DAC239 /* Project object */;
}
